
Microsoft Visual Studio Solution File, Format Version 12.00
# Visual Studio 14
VisualStudioVersion = 14.0.25420.1
MinimumVisualStudioVersion = 10.0.40219.1
Project("{FAE04EC0-301F-11D3-BF4B-00C04F79EFBC}") = "01. Max Sequence of Equal Elements", "01. Max Sequence of Equal Elements\01. Max Sequence of Equal Elements.csproj", "{FEBEE1DF-7532-4279-AFBA-1CF0E4ECE35F}"
EndProject
Project("{FAE04EC0-301F-11D3-BF4B-00C04F79EFBC}") = "02. Longest Increasing Subsequence (LIS)", "02. Longest Increasing Subsequence (LIS)\02. Longest Increasing Subsequence (LIS).csproj", "{8FDDB39B-41BD-489E-AEF5-960DD228B98F}"
EndProject
Project("{FAE04EC0-301F-11D3-BF4B-00C04F79EFBC}") = "03. Array Manipulator", "03. Array Manipulator\03. Array Manipulator.csproj", "{96E0FF0E-534D-446F-AFE7-FB03C2BE14C6}"
EndProject
Global
	GlobalSection(SolutionConfigurationPlatforms) = preSolution
		Debug|Any CPU = Debug|Any CPU
		Release|Any CPU = Release|Any CPU
	EndGlobalSection
	GlobalSection(ProjectConfigurationPlatforms) = postSolution
		{FEBEE1DF-7532-4279-AFBA-1CF0E4ECE35F}.Debug|Any CPU.ActiveCfg = Debug|Any CPU
		{FEBEE1DF-7532-4279-AFBA-1CF0E4ECE35F}.Debug|Any CPU.Build.0 = Debug|Any CPU
		{FEBEE1DF-7532-4279-AFBA-1CF0E4ECE35F}.Release|Any CPU.ActiveCfg = Release|Any CPU
		{FEBEE1DF-7532-4279-AFBA-1CF0E4ECE35F}.Release|Any CPU.Build.0 = Release|Any CPU
		{8FDDB39B-41BD-489E-AEF5-960DD228B98F}.Debug|Any CPU.ActiveCfg = Debug|Any CPU
		{8FDDB39B-41BD-489E-AEF5-960DD228B98F}.Debug|Any CPU.Build.0 = Debug|Any CPU
		{8FDDB39B-41BD-489E-AEF5-960DD228B98F}.Release|Any CPU.ActiveCfg = Release|Any CPU
		{8FDDB39B-41BD-489E-AEF5-960DD228B98F}.Release|Any CPU.Build.0 = Release|Any CPU
		{96E0FF0E-534D-446F-AFE7-FB03C2BE14C6}.Debug|Any CPU.ActiveCfg = Debug|Any CPU
		{96E0FF0E-534D-446F-AFE7-FB03C2BE14C6}.Debug|Any CPU.Build.0 = Debug|Any CPU
		{96E0FF0E-534D-446F-AFE7-FB03C2BE14C6}.Release|Any CPU.ActiveCfg = Release|Any CPU
		{96E0FF0E-534D-446F-AFE7-FB03C2BE14C6}.Release|Any CPU.Build.0 = Release|Any CPU
	EndGlobalSection
	GlobalSection(SolutionProperties) = preSolution
		HideSolutionNode = FALSE
	EndGlobalSection
EndGlobal
