
Microsoft Visual Studio Solution File, Format Version 12.00
# Visual Studio 14
VisualStudioVersion = 14.0.25420.1
MinimumVisualStudioVersion = 10.0.40219.1
Project("{FAE04EC0-301F-11D3-BF4B-00C04F79EFBC}") = "01. Matrix of Palindromes", "01. Matrix of Palindromes\01. Matrix of Palindromes.csproj", "{0CE100E4-BD55-4DDB-9259-2CBFEEF64BE2}"
EndProject
Project("{FAE04EC0-301F-11D3-BF4B-00C04F79EFBC}") = "02. Diagonal Difference", "02. Diagonal Difference\02. Diagonal Difference.csproj", "{C7910BDC-72DF-43AA-A9D4-AF27D4D883EC}"
EndProject
Project("{FAE04EC0-301F-11D3-BF4B-00C04F79EFBC}") = "03. 2x2 Squares in Matrix", "03. 2x2 Squares in Matrix\03. 2x2 Squares in Matrix.csproj", "{0A5FDAAE-EFE7-46C0-8A24-7573635228C5}"
EndProject
Project("{FAE04EC0-301F-11D3-BF4B-00C04F79EFBC}") = "04. Maximal Sum", "04. Maximal Sum\04. Maximal Sum.csproj", "{EA912EA0-E193-4193-A855-2B8DC037CFB3}"
EndProject
Project("{FAE04EC0-301F-11D3-BF4B-00C04F79EFBC}") = "05. Rubik’s Matrix", "05. Rubik’s Matrix\05. Rubik’s Matrix.csproj", "{07D49AE6-C5F9-4C48-8E54-CE8C47DE6F78}"
EndProject
Project("{FAE04EC0-301F-11D3-BF4B-00C04F79EFBC}") = "06. Target Practice", "06. Target Practice\06. Target Practice.csproj", "{97211E4C-B12D-4F9D-9F69-F1813D09C7B3}"
EndProject
Project("{FAE04EC0-301F-11D3-BF4B-00C04F79EFBC}") = "07. Lego Blocks", "07. Lego Blocks\07. Lego Blocks.csproj", "{12D391F6-2744-456D-A2C3-4DE173C79978}"
EndProject
Project("{FAE04EC0-301F-11D3-BF4B-00C04F79EFBC}") = "08. Radioactive Mutant Vampire Bunnies", "08. Radioactive Mutant Vampire Bunnies\08. Radioactive Mutant Vampire Bunnies.csproj", "{64807749-DFA2-42C3-8306-C87FBAF5513E}"
EndProject
Global
	GlobalSection(SolutionConfigurationPlatforms) = preSolution
		Debug|Any CPU = Debug|Any CPU
		Release|Any CPU = Release|Any CPU
	EndGlobalSection
	GlobalSection(ProjectConfigurationPlatforms) = postSolution
		{0CE100E4-BD55-4DDB-9259-2CBFEEF64BE2}.Debug|Any CPU.ActiveCfg = Debug|Any CPU
		{0CE100E4-BD55-4DDB-9259-2CBFEEF64BE2}.Debug|Any CPU.Build.0 = Debug|Any CPU
		{0CE100E4-BD55-4DDB-9259-2CBFEEF64BE2}.Release|Any CPU.ActiveCfg = Release|Any CPU
		{0CE100E4-BD55-4DDB-9259-2CBFEEF64BE2}.Release|Any CPU.Build.0 = Release|Any CPU
		{C7910BDC-72DF-43AA-A9D4-AF27D4D883EC}.Debug|Any CPU.ActiveCfg = Debug|Any CPU
		{C7910BDC-72DF-43AA-A9D4-AF27D4D883EC}.Debug|Any CPU.Build.0 = Debug|Any CPU
		{C7910BDC-72DF-43AA-A9D4-AF27D4D883EC}.Release|Any CPU.ActiveCfg = Release|Any CPU
		{C7910BDC-72DF-43AA-A9D4-AF27D4D883EC}.Release|Any CPU.Build.0 = Release|Any CPU
		{0A5FDAAE-EFE7-46C0-8A24-7573635228C5}.Debug|Any CPU.ActiveCfg = Debug|Any CPU
		{0A5FDAAE-EFE7-46C0-8A24-7573635228C5}.Debug|Any CPU.Build.0 = Debug|Any CPU
		{0A5FDAAE-EFE7-46C0-8A24-7573635228C5}.Release|Any CPU.ActiveCfg = Release|Any CPU
		{0A5FDAAE-EFE7-46C0-8A24-7573635228C5}.Release|Any CPU.Build.0 = Release|Any CPU
		{EA912EA0-E193-4193-A855-2B8DC037CFB3}.Debug|Any CPU.ActiveCfg = Debug|Any CPU
		{EA912EA0-E193-4193-A855-2B8DC037CFB3}.Debug|Any CPU.Build.0 = Debug|Any CPU
		{EA912EA0-E193-4193-A855-2B8DC037CFB3}.Release|Any CPU.ActiveCfg = Release|Any CPU
		{EA912EA0-E193-4193-A855-2B8DC037CFB3}.Release|Any CPU.Build.0 = Release|Any CPU
		{07D49AE6-C5F9-4C48-8E54-CE8C47DE6F78}.Debug|Any CPU.ActiveCfg = Debug|Any CPU
		{07D49AE6-C5F9-4C48-8E54-CE8C47DE6F78}.Debug|Any CPU.Build.0 = Debug|Any CPU
		{07D49AE6-C5F9-4C48-8E54-CE8C47DE6F78}.Release|Any CPU.ActiveCfg = Release|Any CPU
		{07D49AE6-C5F9-4C48-8E54-CE8C47DE6F78}.Release|Any CPU.Build.0 = Release|Any CPU
		{97211E4C-B12D-4F9D-9F69-F1813D09C7B3}.Debug|Any CPU.ActiveCfg = Debug|Any CPU
		{97211E4C-B12D-4F9D-9F69-F1813D09C7B3}.Debug|Any CPU.Build.0 = Debug|Any CPU
		{97211E4C-B12D-4F9D-9F69-F1813D09C7B3}.Release|Any CPU.ActiveCfg = Release|Any CPU
		{97211E4C-B12D-4F9D-9F69-F1813D09C7B3}.Release|Any CPU.Build.0 = Release|Any CPU
		{12D391F6-2744-456D-A2C3-4DE173C79978}.Debug|Any CPU.ActiveCfg = Debug|Any CPU
		{12D391F6-2744-456D-A2C3-4DE173C79978}.Debug|Any CPU.Build.0 = Debug|Any CPU
		{12D391F6-2744-456D-A2C3-4DE173C79978}.Release|Any CPU.ActiveCfg = Release|Any CPU
		{12D391F6-2744-456D-A2C3-4DE173C79978}.Release|Any CPU.Build.0 = Release|Any CPU
		{64807749-DFA2-42C3-8306-C87FBAF5513E}.Debug|Any CPU.ActiveCfg = Debug|Any CPU
		{64807749-DFA2-42C3-8306-C87FBAF5513E}.Debug|Any CPU.Build.0 = Debug|Any CPU
		{64807749-DFA2-42C3-8306-C87FBAF5513E}.Release|Any CPU.ActiveCfg = Release|Any CPU
		{64807749-DFA2-42C3-8306-C87FBAF5513E}.Release|Any CPU.Build.0 = Release|Any CPU
	EndGlobalSection
	GlobalSection(SolutionProperties) = preSolution
		HideSolutionNode = FALSE
	EndGlobalSection
EndGlobal
