
Microsoft Visual Studio Solution File, Format Version 12.00
# Visual Studio 14
VisualStudioVersion = 14.0.25420.1
MinimumVisualStudioVersion = 10.0.40219.1
Project("{FAE04EC0-301F-11D3-BF4B-00C04F79EFBC}") = "01. DayOfWeek", "01. DayOfWeek\01. DayOfWeek.csproj", "{63080E01-8D1F-4D3F-9682-199C6EBC2195}"
EndProject
Project("{FAE04EC0-301F-11D3-BF4B-00C04F79EFBC}") = "02. ReverseAnArrayOfIntegers", "02. ReverseAnArrayOfIntegers\02. ReverseAnArrayOfIntegers.csproj", "{5E2C9910-1EE6-48B4-8DFD-9BA7A40C946C}"
EndProject
Project("{FAE04EC0-301F-11D3-BF4B-00C04F79EFBC}") = "03. LastKNumbersSum", "03. LastKNumbersSum\03. LastKNumbersSum.csproj", "{328D94EA-540D-4F80-A929-698CC28D3A72}"
EndProject
Project("{FAE04EC0-301F-11D3-BF4B-00C04F79EFBC}") = "04. TripleSum", "04. TripleSum\04. TripleSum.csproj", "{9EE3C901-FC57-4D33-B0F1-2EF04E58753E}"
EndProject
Project("{FAE04EC0-301F-11D3-BF4B-00C04F79EFBC}") = "05. RoundingAwayFromZero", "05. RoundingAwayFromZero\05. RoundingAwayFromZero.csproj", "{9E09B54D-67E8-434F-B2DB-F252F8B96715}"
EndProject
Global
	GlobalSection(SolutionConfigurationPlatforms) = preSolution
		Debug|Any CPU = Debug|Any CPU
		Release|Any CPU = Release|Any CPU
	EndGlobalSection
	GlobalSection(ProjectConfigurationPlatforms) = postSolution
		{63080E01-8D1F-4D3F-9682-199C6EBC2195}.Debug|Any CPU.ActiveCfg = Debug|Any CPU
		{63080E01-8D1F-4D3F-9682-199C6EBC2195}.Debug|Any CPU.Build.0 = Debug|Any CPU
		{63080E01-8D1F-4D3F-9682-199C6EBC2195}.Release|Any CPU.ActiveCfg = Release|Any CPU
		{63080E01-8D1F-4D3F-9682-199C6EBC2195}.Release|Any CPU.Build.0 = Release|Any CPU
		{5E2C9910-1EE6-48B4-8DFD-9BA7A40C946C}.Debug|Any CPU.ActiveCfg = Debug|Any CPU
		{5E2C9910-1EE6-48B4-8DFD-9BA7A40C946C}.Debug|Any CPU.Build.0 = Debug|Any CPU
		{5E2C9910-1EE6-48B4-8DFD-9BA7A40C946C}.Release|Any CPU.ActiveCfg = Release|Any CPU
		{5E2C9910-1EE6-48B4-8DFD-9BA7A40C946C}.Release|Any CPU.Build.0 = Release|Any CPU
		{328D94EA-540D-4F80-A929-698CC28D3A72}.Debug|Any CPU.ActiveCfg = Debug|Any CPU
		{328D94EA-540D-4F80-A929-698CC28D3A72}.Debug|Any CPU.Build.0 = Debug|Any CPU
		{328D94EA-540D-4F80-A929-698CC28D3A72}.Release|Any CPU.ActiveCfg = Release|Any CPU
		{328D94EA-540D-4F80-A929-698CC28D3A72}.Release|Any CPU.Build.0 = Release|Any CPU
		{9EE3C901-FC57-4D33-B0F1-2EF04E58753E}.Debug|Any CPU.ActiveCfg = Debug|Any CPU
		{9EE3C901-FC57-4D33-B0F1-2EF04E58753E}.Debug|Any CPU.Build.0 = Debug|Any CPU
		{9EE3C901-FC57-4D33-B0F1-2EF04E58753E}.Release|Any CPU.ActiveCfg = Release|Any CPU
		{9EE3C901-FC57-4D33-B0F1-2EF04E58753E}.Release|Any CPU.Build.0 = Release|Any CPU
		{9E09B54D-67E8-434F-B2DB-F252F8B96715}.Debug|Any CPU.ActiveCfg = Debug|Any CPU
		{9E09B54D-67E8-434F-B2DB-F252F8B96715}.Debug|Any CPU.Build.0 = Debug|Any CPU
		{9E09B54D-67E8-434F-B2DB-F252F8B96715}.Release|Any CPU.ActiveCfg = Release|Any CPU
		{9E09B54D-67E8-434F-B2DB-F252F8B96715}.Release|Any CPU.Build.0 = Release|Any CPU
	EndGlobalSection
	GlobalSection(SolutionProperties) = preSolution
		HideSolutionNode = FALSE
	EndGlobalSection
EndGlobal
