
Microsoft Visual Studio Solution File, Format Version 12.00
# Visual Studio 14
VisualStudioVersion = 14.0.25420.1
MinimumVisualStudioVersion = 10.0.40219.1
Project("{FAE04EC0-301F-11D3-BF4B-00C04F79EFBC}") = "01. Parking Lot", "01. Parking Lot\01. Parking Lot.csproj", "{505F9143-57C9-4288-AED9-E97DE5889DF3}"
EndProject
Project("{FAE04EC0-301F-11D3-BF4B-00C04F79EFBC}") = "02.  SoftUni Party", "02.  SoftUni Party\02.  SoftUni Party.csproj", "{F32ADF5F-8748-4C63-9776-BB3CC5D4A897}"
EndProject
Project("{FAE04EC0-301F-11D3-BF4B-00C04F79EFBC}") = "03.  Count Same Values in Array", "03.  Count Same Values in Array\03.  Count Same Values in Array.csproj", "{C92359F1-EFD1-49A0-8A16-B2FEFBB9B798}"
EndProject
Project("{FAE04EC0-301F-11D3-BF4B-00C04F79EFBC}") = "4. Academy Graduation", "4. Academy Graduation\4. Academy Graduation.csproj", "{F5868454-F6FF-422B-81A7-17EAC94C7980}"
EndProject
Global
	GlobalSection(SolutionConfigurationPlatforms) = preSolution
		Debug|Any CPU = Debug|Any CPU
		Release|Any CPU = Release|Any CPU
	EndGlobalSection
	GlobalSection(ProjectConfigurationPlatforms) = postSolution
		{505F9143-57C9-4288-AED9-E97DE5889DF3}.Debug|Any CPU.ActiveCfg = Debug|Any CPU
		{505F9143-57C9-4288-AED9-E97DE5889DF3}.Debug|Any CPU.Build.0 = Debug|Any CPU
		{505F9143-57C9-4288-AED9-E97DE5889DF3}.Release|Any CPU.ActiveCfg = Release|Any CPU
		{505F9143-57C9-4288-AED9-E97DE5889DF3}.Release|Any CPU.Build.0 = Release|Any CPU
		{F32ADF5F-8748-4C63-9776-BB3CC5D4A897}.Debug|Any CPU.ActiveCfg = Debug|Any CPU
		{F32ADF5F-8748-4C63-9776-BB3CC5D4A897}.Debug|Any CPU.Build.0 = Debug|Any CPU
		{F32ADF5F-8748-4C63-9776-BB3CC5D4A897}.Release|Any CPU.ActiveCfg = Release|Any CPU
		{F32ADF5F-8748-4C63-9776-BB3CC5D4A897}.Release|Any CPU.Build.0 = Release|Any CPU
		{C92359F1-EFD1-49A0-8A16-B2FEFBB9B798}.Debug|Any CPU.ActiveCfg = Debug|Any CPU
		{C92359F1-EFD1-49A0-8A16-B2FEFBB9B798}.Debug|Any CPU.Build.0 = Debug|Any CPU
		{C92359F1-EFD1-49A0-8A16-B2FEFBB9B798}.Release|Any CPU.ActiveCfg = Release|Any CPU
		{C92359F1-EFD1-49A0-8A16-B2FEFBB9B798}.Release|Any CPU.Build.0 = Release|Any CPU
		{F5868454-F6FF-422B-81A7-17EAC94C7980}.Debug|Any CPU.ActiveCfg = Debug|Any CPU
		{F5868454-F6FF-422B-81A7-17EAC94C7980}.Debug|Any CPU.Build.0 = Debug|Any CPU
		{F5868454-F6FF-422B-81A7-17EAC94C7980}.Release|Any CPU.ActiveCfg = Release|Any CPU
		{F5868454-F6FF-422B-81A7-17EAC94C7980}.Release|Any CPU.Build.0 = Release|Any CPU
	EndGlobalSection
	GlobalSection(SolutionProperties) = preSolution
		HideSolutionNode = FALSE
	EndGlobalSection
EndGlobal
