
Microsoft Visual Studio Solution File, Format Version 12.00
# Visual Studio 15
VisualStudioVersion = 15.0.26430.12
MinimumVisualStudioVersion = 10.0.40219.1
Project("{FAE04EC0-301F-11D3-BF4B-00C04F79EFBC}") = "01. Reverse String", "01. Reverse String\01. Reverse String.csproj", "{C9C85214-B55B-4180-8158-5B59F005556A}"
EndProject
Project("{FAE04EC0-301F-11D3-BF4B-00C04F79EFBC}") = "02. String Length", "02. String Length\02. String Length.csproj", "{14C99FF9-4A14-45A2-BEAA-70450A0F8D72}"
EndProject
Project("{FAE04EC0-301F-11D3-BF4B-00C04F79EFBC}") = "03. Formatting Numbers", "03. Formatting Numbers\03. Formatting Numbers.csproj", "{D584987A-50A6-4D4B-B3E5-AF3AFE24DCCB}"
EndProject
Project("{FAE04EC0-301F-11D3-BF4B-00C04F79EFBC}") = "04. Convert from base-10 to base-N", "04. Convert from base-10 to base-N\04. Convert from base-10 to base-N.csproj", "{05908440-9F25-4301-891A-40E17CF6CEB1}"
EndProject
Project("{FAE04EC0-301F-11D3-BF4B-00C04F79EFBC}") = "05. Convert from base-N to base-10", "05. Convert from base-N to base-10\05. Convert from base-N to base-10.csproj", "{79EC024C-2816-4802-A76D-EF8868CBC525}"
EndProject
Project("{FAE04EC0-301F-11D3-BF4B-00C04F79EFBC}") = "06. Count Substring Occurrences", "06. Count Substring Occurrences\06. Count Substring Occurrences.csproj", "{7CFB6276-8092-4DCC-9C41-AAB9C207874B}"
EndProject
Project("{FAE04EC0-301F-11D3-BF4B-00C04F79EFBC}") = "07. Sum big numbers", "07. Sum big numbers\07. Sum big numbers.csproj", "{804355DF-0A6C-4ACE-9D3D-F14B1C52106D}"
EndProject
Project("{FAE04EC0-301F-11D3-BF4B-00C04F79EFBC}") = "08. Multiply big number", "08. Multiply big number\08. Multiply big number.csproj", "{6AD59965-3D58-4267-9A41-B1B61E0A77A0}"
EndProject
Project("{FAE04EC0-301F-11D3-BF4B-00C04F79EFBC}") = "09. Text Filter", "09. Text Filter\09. Text Filter.csproj", "{418619CA-613D-4261-87D8-EE035D2B7823}"
EndProject
Project("{FAE04EC0-301F-11D3-BF4B-00C04F79EFBC}") = "10. Unicode Characters", "10. Unicode Characters\10. Unicode Characters.csproj", "{C9AAD315-9A15-4D97-9EAC-CD66EDC306B6}"
EndProject
Project("{FAE04EC0-301F-11D3-BF4B-00C04F79EFBC}") = "11. Palindromes", "11. Palindromes\11. Palindromes.csproj", "{44905B31-C4CE-4A52-9AE0-16B6A0ED517A}"
EndProject
Project("{FAE04EC0-301F-11D3-BF4B-00C04F79EFBC}") = "12. Character Multiplier", "12. Character Multiplier\12. Character Multiplier.csproj", "{1A548AAD-B8EE-4E1B-8333-36DBBDFC041C}"
EndProject
Global
	GlobalSection(SolutionConfigurationPlatforms) = preSolution
		Debug|Any CPU = Debug|Any CPU
		Release|Any CPU = Release|Any CPU
	EndGlobalSection
	GlobalSection(ProjectConfigurationPlatforms) = postSolution
		{C9C85214-B55B-4180-8158-5B59F005556A}.Debug|Any CPU.ActiveCfg = Debug|Any CPU
		{C9C85214-B55B-4180-8158-5B59F005556A}.Debug|Any CPU.Build.0 = Debug|Any CPU
		{C9C85214-B55B-4180-8158-5B59F005556A}.Release|Any CPU.ActiveCfg = Release|Any CPU
		{C9C85214-B55B-4180-8158-5B59F005556A}.Release|Any CPU.Build.0 = Release|Any CPU
		{14C99FF9-4A14-45A2-BEAA-70450A0F8D72}.Debug|Any CPU.ActiveCfg = Debug|Any CPU
		{14C99FF9-4A14-45A2-BEAA-70450A0F8D72}.Debug|Any CPU.Build.0 = Debug|Any CPU
		{14C99FF9-4A14-45A2-BEAA-70450A0F8D72}.Release|Any CPU.ActiveCfg = Release|Any CPU
		{14C99FF9-4A14-45A2-BEAA-70450A0F8D72}.Release|Any CPU.Build.0 = Release|Any CPU
		{D584987A-50A6-4D4B-B3E5-AF3AFE24DCCB}.Debug|Any CPU.ActiveCfg = Debug|Any CPU
		{D584987A-50A6-4D4B-B3E5-AF3AFE24DCCB}.Debug|Any CPU.Build.0 = Debug|Any CPU
		{D584987A-50A6-4D4B-B3E5-AF3AFE24DCCB}.Release|Any CPU.ActiveCfg = Release|Any CPU
		{D584987A-50A6-4D4B-B3E5-AF3AFE24DCCB}.Release|Any CPU.Build.0 = Release|Any CPU
		{05908440-9F25-4301-891A-40E17CF6CEB1}.Debug|Any CPU.ActiveCfg = Debug|Any CPU
		{05908440-9F25-4301-891A-40E17CF6CEB1}.Debug|Any CPU.Build.0 = Debug|Any CPU
		{05908440-9F25-4301-891A-40E17CF6CEB1}.Release|Any CPU.ActiveCfg = Release|Any CPU
		{05908440-9F25-4301-891A-40E17CF6CEB1}.Release|Any CPU.Build.0 = Release|Any CPU
		{79EC024C-2816-4802-A76D-EF8868CBC525}.Debug|Any CPU.ActiveCfg = Debug|Any CPU
		{79EC024C-2816-4802-A76D-EF8868CBC525}.Debug|Any CPU.Build.0 = Debug|Any CPU
		{79EC024C-2816-4802-A76D-EF8868CBC525}.Release|Any CPU.ActiveCfg = Release|Any CPU
		{79EC024C-2816-4802-A76D-EF8868CBC525}.Release|Any CPU.Build.0 = Release|Any CPU
		{7CFB6276-8092-4DCC-9C41-AAB9C207874B}.Debug|Any CPU.ActiveCfg = Debug|Any CPU
		{7CFB6276-8092-4DCC-9C41-AAB9C207874B}.Debug|Any CPU.Build.0 = Debug|Any CPU
		{7CFB6276-8092-4DCC-9C41-AAB9C207874B}.Release|Any CPU.ActiveCfg = Release|Any CPU
		{7CFB6276-8092-4DCC-9C41-AAB9C207874B}.Release|Any CPU.Build.0 = Release|Any CPU
		{804355DF-0A6C-4ACE-9D3D-F14B1C52106D}.Debug|Any CPU.ActiveCfg = Debug|Any CPU
		{804355DF-0A6C-4ACE-9D3D-F14B1C52106D}.Debug|Any CPU.Build.0 = Debug|Any CPU
		{804355DF-0A6C-4ACE-9D3D-F14B1C52106D}.Release|Any CPU.ActiveCfg = Release|Any CPU
		{804355DF-0A6C-4ACE-9D3D-F14B1C52106D}.Release|Any CPU.Build.0 = Release|Any CPU
		{6AD59965-3D58-4267-9A41-B1B61E0A77A0}.Debug|Any CPU.ActiveCfg = Debug|Any CPU
		{6AD59965-3D58-4267-9A41-B1B61E0A77A0}.Debug|Any CPU.Build.0 = Debug|Any CPU
		{6AD59965-3D58-4267-9A41-B1B61E0A77A0}.Release|Any CPU.ActiveCfg = Release|Any CPU
		{6AD59965-3D58-4267-9A41-B1B61E0A77A0}.Release|Any CPU.Build.0 = Release|Any CPU
		{418619CA-613D-4261-87D8-EE035D2B7823}.Debug|Any CPU.ActiveCfg = Debug|Any CPU
		{418619CA-613D-4261-87D8-EE035D2B7823}.Debug|Any CPU.Build.0 = Debug|Any CPU
		{418619CA-613D-4261-87D8-EE035D2B7823}.Release|Any CPU.ActiveCfg = Release|Any CPU
		{418619CA-613D-4261-87D8-EE035D2B7823}.Release|Any CPU.Build.0 = Release|Any CPU
		{C9AAD315-9A15-4D97-9EAC-CD66EDC306B6}.Debug|Any CPU.ActiveCfg = Debug|Any CPU
		{C9AAD315-9A15-4D97-9EAC-CD66EDC306B6}.Debug|Any CPU.Build.0 = Debug|Any CPU
		{C9AAD315-9A15-4D97-9EAC-CD66EDC306B6}.Release|Any CPU.ActiveCfg = Release|Any CPU
		{C9AAD315-9A15-4D97-9EAC-CD66EDC306B6}.Release|Any CPU.Build.0 = Release|Any CPU
		{44905B31-C4CE-4A52-9AE0-16B6A0ED517A}.Debug|Any CPU.ActiveCfg = Debug|Any CPU
		{44905B31-C4CE-4A52-9AE0-16B6A0ED517A}.Debug|Any CPU.Build.0 = Debug|Any CPU
		{44905B31-C4CE-4A52-9AE0-16B6A0ED517A}.Release|Any CPU.ActiveCfg = Release|Any CPU
		{44905B31-C4CE-4A52-9AE0-16B6A0ED517A}.Release|Any CPU.Build.0 = Release|Any CPU
		{1A548AAD-B8EE-4E1B-8333-36DBBDFC041C}.Debug|Any CPU.ActiveCfg = Debug|Any CPU
		{1A548AAD-B8EE-4E1B-8333-36DBBDFC041C}.Debug|Any CPU.Build.0 = Debug|Any CPU
		{1A548AAD-B8EE-4E1B-8333-36DBBDFC041C}.Release|Any CPU.ActiveCfg = Release|Any CPU
		{1A548AAD-B8EE-4E1B-8333-36DBBDFC041C}.Release|Any CPU.Build.0 = Release|Any CPU
	EndGlobalSection
	GlobalSection(SolutionProperties) = preSolution
		HideSolutionNode = FALSE
	EndGlobalSection
EndGlobal
