
Microsoft Visual Studio Solution File, Format Version 12.00
# Visual Studio 14
VisualStudioVersion = 14.0.25420.1
MinimumVisualStudioVersion = 10.0.40219.1
Project("{FAE04EC0-301F-11D3-BF4B-00C04F79EFBC}") = "01. HelloName", "01. HelloName\01. HelloName.csproj", "{95D3B14A-4B48-49C0-A951-03F8521CAAEA}"
EndProject
Project("{FAE04EC0-301F-11D3-BF4B-00C04F79EFBC}") = "02. MaxMethod", "02. MaxMethod\02. MaxMethod.csproj", "{AA8638BB-C5F7-4A83-9F35-1011385B482E}"
EndProject
Project("{FAE04EC0-301F-11D3-BF4B-00C04F79EFBC}") = "04. NumbersInReversedOrder", "04. NumbersInReversedOrder\04. NumbersInReversedOrder.csproj", "{CB9276C2-A9A3-4500-991D-F3077184F491}"
EndProject
Project("{FAE04EC0-301F-11D3-BF4B-00C04F79EFBC}") = "05. FibonaciiNumbers", "05. FibonaciiNumbers\05. FibonaciiNumbers.csproj", "{BB6F1888-A626-4469-B762-F90978FB08B8}"
EndProject
Project("{FAE04EC0-301F-11D3-BF4B-00C04F79EFBC}") = "03. EnglishNameLastDigit", "03. EnglishNameLastDigit\03. EnglishNameLastDigit.csproj", "{2A877498-221D-4FDA-A3E1-CB3214CE19AB}"
EndProject
Project("{FAE04EC0-301F-11D3-BF4B-00C04F79EFBC}") = "06. PrimeChecker", "06. PrimeChecker\06. PrimeChecker.csproj", "{A3717F5C-F40C-43D1-81AD-D38FE3749C8D}"
EndProject
Project("{FAE04EC0-301F-11D3-BF4B-00C04F79EFBC}") = "07. PrimesInGivenRange", "07. PrimesInGivenRange\07. PrimesInGivenRange.csproj", "{508D2049-3D89-465D-A15F-8155B04CDFF6}"
EndProject
Project("{FAE04EC0-301F-11D3-BF4B-00C04F79EFBC}") = "08. 8. CenterPoint", "08. 8. CenterPoint\08. 8. CenterPoint.csproj", "{A83333A7-7C1E-4B39-B73D-3BAD2DE7908E}"
EndProject
Project("{FAE04EC0-301F-11D3-BF4B-00C04F79EFBC}") = "09. LongerLine", "09. LongerLine\09. LongerLine.csproj", "{0513D399-D1B9-436A-8BBF-4D0428C7F206}"
EndProject
Project("{FAE04EC0-301F-11D3-BF4B-00C04F79EFBC}") = "10. CubeProperties", "10. CubeProperties\10. CubeProperties.csproj", "{D363DE09-5F0A-4FD5-A051-2B72CFFB1A06}"
EndProject
Project("{FAE04EC0-301F-11D3-BF4B-00C04F79EFBC}") = "11. GeometryCalculator", "11. GeometryCalculator\11. GeometryCalculator.csproj", "{75B438F2-5E5C-4F7C-A2CD-A29880D3D211}"
EndProject
Project("{FAE04EC0-301F-11D3-BF4B-00C04F79EFBC}") = "12. MasterNumbers", "12. MasterNumbers\12. MasterNumbers.csproj", "{7392D46F-7710-4085-BAE7-36E8511A22EB}"
EndProject
Project("{FAE04EC0-301F-11D3-BF4B-00C04F79EFBC}") = "13. Factorial", "13. Factorial\13. Factorial.csproj", "{4579A1F8-556D-49F1-8B33-46825DA2F2D4}"
EndProject
Project("{FAE04EC0-301F-11D3-BF4B-00C04F79EFBC}") = "14.FactorialTrailingZero", "14.FactorialTrailingZero\14.FactorialTrailingZero.csproj", "{090B7124-6486-4B4A-88DA-6B7921F5F086}"
EndProject
Global
	GlobalSection(SolutionConfigurationPlatforms) = preSolution
		Debug|Any CPU = Debug|Any CPU
		Release|Any CPU = Release|Any CPU
	EndGlobalSection
	GlobalSection(ProjectConfigurationPlatforms) = postSolution
		{95D3B14A-4B48-49C0-A951-03F8521CAAEA}.Debug|Any CPU.ActiveCfg = Debug|Any CPU
		{95D3B14A-4B48-49C0-A951-03F8521CAAEA}.Debug|Any CPU.Build.0 = Debug|Any CPU
		{95D3B14A-4B48-49C0-A951-03F8521CAAEA}.Release|Any CPU.ActiveCfg = Release|Any CPU
		{95D3B14A-4B48-49C0-A951-03F8521CAAEA}.Release|Any CPU.Build.0 = Release|Any CPU
		{AA8638BB-C5F7-4A83-9F35-1011385B482E}.Debug|Any CPU.ActiveCfg = Debug|Any CPU
		{AA8638BB-C5F7-4A83-9F35-1011385B482E}.Debug|Any CPU.Build.0 = Debug|Any CPU
		{AA8638BB-C5F7-4A83-9F35-1011385B482E}.Release|Any CPU.ActiveCfg = Release|Any CPU
		{AA8638BB-C5F7-4A83-9F35-1011385B482E}.Release|Any CPU.Build.0 = Release|Any CPU
		{CB9276C2-A9A3-4500-991D-F3077184F491}.Debug|Any CPU.ActiveCfg = Debug|Any CPU
		{CB9276C2-A9A3-4500-991D-F3077184F491}.Debug|Any CPU.Build.0 = Debug|Any CPU
		{CB9276C2-A9A3-4500-991D-F3077184F491}.Release|Any CPU.ActiveCfg = Release|Any CPU
		{CB9276C2-A9A3-4500-991D-F3077184F491}.Release|Any CPU.Build.0 = Release|Any CPU
		{BB6F1888-A626-4469-B762-F90978FB08B8}.Debug|Any CPU.ActiveCfg = Debug|Any CPU
		{BB6F1888-A626-4469-B762-F90978FB08B8}.Debug|Any CPU.Build.0 = Debug|Any CPU
		{BB6F1888-A626-4469-B762-F90978FB08B8}.Release|Any CPU.ActiveCfg = Release|Any CPU
		{BB6F1888-A626-4469-B762-F90978FB08B8}.Release|Any CPU.Build.0 = Release|Any CPU
		{2A877498-221D-4FDA-A3E1-CB3214CE19AB}.Debug|Any CPU.ActiveCfg = Debug|Any CPU
		{2A877498-221D-4FDA-A3E1-CB3214CE19AB}.Debug|Any CPU.Build.0 = Debug|Any CPU
		{2A877498-221D-4FDA-A3E1-CB3214CE19AB}.Release|Any CPU.ActiveCfg = Release|Any CPU
		{2A877498-221D-4FDA-A3E1-CB3214CE19AB}.Release|Any CPU.Build.0 = Release|Any CPU
		{A3717F5C-F40C-43D1-81AD-D38FE3749C8D}.Debug|Any CPU.ActiveCfg = Debug|Any CPU
		{A3717F5C-F40C-43D1-81AD-D38FE3749C8D}.Debug|Any CPU.Build.0 = Debug|Any CPU
		{A3717F5C-F40C-43D1-81AD-D38FE3749C8D}.Release|Any CPU.ActiveCfg = Release|Any CPU
		{A3717F5C-F40C-43D1-81AD-D38FE3749C8D}.Release|Any CPU.Build.0 = Release|Any CPU
		{508D2049-3D89-465D-A15F-8155B04CDFF6}.Debug|Any CPU.ActiveCfg = Debug|Any CPU
		{508D2049-3D89-465D-A15F-8155B04CDFF6}.Debug|Any CPU.Build.0 = Debug|Any CPU
		{508D2049-3D89-465D-A15F-8155B04CDFF6}.Release|Any CPU.ActiveCfg = Release|Any CPU
		{508D2049-3D89-465D-A15F-8155B04CDFF6}.Release|Any CPU.Build.0 = Release|Any CPU
		{A83333A7-7C1E-4B39-B73D-3BAD2DE7908E}.Debug|Any CPU.ActiveCfg = Debug|Any CPU
		{A83333A7-7C1E-4B39-B73D-3BAD2DE7908E}.Debug|Any CPU.Build.0 = Debug|Any CPU
		{A83333A7-7C1E-4B39-B73D-3BAD2DE7908E}.Release|Any CPU.ActiveCfg = Release|Any CPU
		{A83333A7-7C1E-4B39-B73D-3BAD2DE7908E}.Release|Any CPU.Build.0 = Release|Any CPU
		{0513D399-D1B9-436A-8BBF-4D0428C7F206}.Debug|Any CPU.ActiveCfg = Debug|Any CPU
		{0513D399-D1B9-436A-8BBF-4D0428C7F206}.Debug|Any CPU.Build.0 = Debug|Any CPU
		{0513D399-D1B9-436A-8BBF-4D0428C7F206}.Release|Any CPU.ActiveCfg = Release|Any CPU
		{0513D399-D1B9-436A-8BBF-4D0428C7F206}.Release|Any CPU.Build.0 = Release|Any CPU
		{D363DE09-5F0A-4FD5-A051-2B72CFFB1A06}.Debug|Any CPU.ActiveCfg = Debug|Any CPU
		{D363DE09-5F0A-4FD5-A051-2B72CFFB1A06}.Debug|Any CPU.Build.0 = Debug|Any CPU
		{D363DE09-5F0A-4FD5-A051-2B72CFFB1A06}.Release|Any CPU.ActiveCfg = Release|Any CPU
		{D363DE09-5F0A-4FD5-A051-2B72CFFB1A06}.Release|Any CPU.Build.0 = Release|Any CPU
		{75B438F2-5E5C-4F7C-A2CD-A29880D3D211}.Debug|Any CPU.ActiveCfg = Debug|Any CPU
		{75B438F2-5E5C-4F7C-A2CD-A29880D3D211}.Debug|Any CPU.Build.0 = Debug|Any CPU
		{75B438F2-5E5C-4F7C-A2CD-A29880D3D211}.Release|Any CPU.ActiveCfg = Release|Any CPU
		{75B438F2-5E5C-4F7C-A2CD-A29880D3D211}.Release|Any CPU.Build.0 = Release|Any CPU
		{7392D46F-7710-4085-BAE7-36E8511A22EB}.Debug|Any CPU.ActiveCfg = Debug|Any CPU
		{7392D46F-7710-4085-BAE7-36E8511A22EB}.Debug|Any CPU.Build.0 = Debug|Any CPU
		{7392D46F-7710-4085-BAE7-36E8511A22EB}.Release|Any CPU.ActiveCfg = Release|Any CPU
		{7392D46F-7710-4085-BAE7-36E8511A22EB}.Release|Any CPU.Build.0 = Release|Any CPU
		{4579A1F8-556D-49F1-8B33-46825DA2F2D4}.Debug|Any CPU.ActiveCfg = Debug|Any CPU
		{4579A1F8-556D-49F1-8B33-46825DA2F2D4}.Debug|Any CPU.Build.0 = Debug|Any CPU
		{4579A1F8-556D-49F1-8B33-46825DA2F2D4}.Release|Any CPU.ActiveCfg = Release|Any CPU
		{4579A1F8-556D-49F1-8B33-46825DA2F2D4}.Release|Any CPU.Build.0 = Release|Any CPU
		{090B7124-6486-4B4A-88DA-6B7921F5F086}.Debug|Any CPU.ActiveCfg = Debug|Any CPU
		{090B7124-6486-4B4A-88DA-6B7921F5F086}.Debug|Any CPU.Build.0 = Debug|Any CPU
		{090B7124-6486-4B4A-88DA-6B7921F5F086}.Release|Any CPU.ActiveCfg = Release|Any CPU
		{090B7124-6486-4B4A-88DA-6B7921F5F086}.Release|Any CPU.Build.0 = Release|Any CPU
	EndGlobalSection
	GlobalSection(SolutionProperties) = preSolution
		HideSolutionNode = FALSE
	EndGlobalSection
EndGlobal
