
Microsoft Visual Studio Solution File, Format Version 12.00
# Visual Studio 14
VisualStudioVersion = 14.0.25420.1
MinimumVisualStudioVersion = 10.0.40219.1
Project("{FAE04EC0-301F-11D3-BF4B-00C04F79EFBC}") = "01. Odd Lines", "01. Odd Lines\01. Odd Lines.csproj", "{E8638811-0D93-4373-853C-37576C1FD876}"
EndProject
Project("{FAE04EC0-301F-11D3-BF4B-00C04F79EFBC}") = "02. Line Numbers", "02. Line Numbers\02. Line Numbers.csproj", "{A4BC77F4-EA2A-4312-9790-EA47656A29E6}"
EndProject
Project("{FAE04EC0-301F-11D3-BF4B-00C04F79EFBC}") = "03. Word Count", "03. Word Count\03. Word Count.csproj", "{DF4655EE-1D44-4D13-8B26-83B069325F27}"
EndProject
Project("{FAE04EC0-301F-11D3-BF4B-00C04F79EFBC}") = "04. Merge Files", "04. Merge Files\04. Merge Files.csproj", "{2BEABDC1-AB3A-4EFB-AC03-B3C4CDDD5BD6}"
EndProject
Global
	GlobalSection(SolutionConfigurationPlatforms) = preSolution
		Debug|Any CPU = Debug|Any CPU
		Release|Any CPU = Release|Any CPU
	EndGlobalSection
	GlobalSection(ProjectConfigurationPlatforms) = postSolution
		{E8638811-0D93-4373-853C-37576C1FD876}.Debug|Any CPU.ActiveCfg = Debug|Any CPU
		{E8638811-0D93-4373-853C-37576C1FD876}.Debug|Any CPU.Build.0 = Debug|Any CPU
		{E8638811-0D93-4373-853C-37576C1FD876}.Release|Any CPU.ActiveCfg = Release|Any CPU
		{E8638811-0D93-4373-853C-37576C1FD876}.Release|Any CPU.Build.0 = Release|Any CPU
		{A4BC77F4-EA2A-4312-9790-EA47656A29E6}.Debug|Any CPU.ActiveCfg = Debug|Any CPU
		{A4BC77F4-EA2A-4312-9790-EA47656A29E6}.Debug|Any CPU.Build.0 = Debug|Any CPU
		{A4BC77F4-EA2A-4312-9790-EA47656A29E6}.Release|Any CPU.ActiveCfg = Release|Any CPU
		{A4BC77F4-EA2A-4312-9790-EA47656A29E6}.Release|Any CPU.Build.0 = Release|Any CPU
		{DF4655EE-1D44-4D13-8B26-83B069325F27}.Debug|Any CPU.ActiveCfg = Debug|Any CPU
		{DF4655EE-1D44-4D13-8B26-83B069325F27}.Debug|Any CPU.Build.0 = Debug|Any CPU
		{DF4655EE-1D44-4D13-8B26-83B069325F27}.Release|Any CPU.ActiveCfg = Release|Any CPU
		{DF4655EE-1D44-4D13-8B26-83B069325F27}.Release|Any CPU.Build.0 = Release|Any CPU
		{2BEABDC1-AB3A-4EFB-AC03-B3C4CDDD5BD6}.Debug|Any CPU.ActiveCfg = Debug|Any CPU
		{2BEABDC1-AB3A-4EFB-AC03-B3C4CDDD5BD6}.Debug|Any CPU.Build.0 = Debug|Any CPU
		{2BEABDC1-AB3A-4EFB-AC03-B3C4CDDD5BD6}.Release|Any CPU.ActiveCfg = Release|Any CPU
		{2BEABDC1-AB3A-4EFB-AC03-B3C4CDDD5BD6}.Release|Any CPU.Build.0 = Release|Any CPU
	EndGlobalSection
	GlobalSection(SolutionProperties) = preSolution
		HideSolutionNode = FALSE
	EndGlobalSection
EndGlobal
