
Microsoft Visual Studio Solution File, Format Version 12.00
# Visual Studio 14
VisualStudioVersion = 14.0.25420.1
MinimumVisualStudioVersion = 10.0.40219.1
Project("{FAE04EC0-301F-11D3-BF4B-00C04F79EFBC}") = "01. Largest Common End", "01. Largest Common End\01. Largest Common End.csproj", "{8EC445E1-FF44-4F40-8143-4F506E0CEA02}"
EndProject
Project("{FAE04EC0-301F-11D3-BF4B-00C04F79EFBC}") = "02. Rotate and Sum", "02. Rotate and Sum\02. Rotate and Sum.csproj", "{EDC6973F-9E5F-46B6-A386-744A398BF70E}"
EndProject
Project("{FAE04EC0-301F-11D3-BF4B-00C04F79EFBC}") = "03 FoldAndSum", "03 FoldAndSum\03 FoldAndSum.csproj", "{9258D8E0-FCDE-408C-A178-9026AB9AB0D8}"
EndProject
Project("{FAE04EC0-301F-11D3-BF4B-00C04F79EFBC}") = "04. SieveOfEratosthenes", "04. Sieve of Eratosthenes\04. SieveOfEratosthenes.csproj", "{8F170AA4-59A9-4F5B-A1AA-5BD22B9161BC}"
EndProject
Project("{FAE04EC0-301F-11D3-BF4B-00C04F79EFBC}") = "05. Compare Char Arrays", "05. Compare Char Arrays\05. Compare Char Arrays.csproj", "{D9C59C3A-74C5-43E3-ADF3-2EA0AB884965}"
EndProject
Project("{FAE04EC0-301F-11D3-BF4B-00C04F79EFBC}") = "06. Max Sequence of Equal Elements", "06. Max Sequence of Equal Elements\06. Max Sequence of Equal Elements.csproj", "{78D243D1-DCB6-49AE-96FE-7191D0CB7232}"
EndProject
Global
	GlobalSection(SolutionConfigurationPlatforms) = preSolution
		Debug|Any CPU = Debug|Any CPU
		Release|Any CPU = Release|Any CPU
	EndGlobalSection
	GlobalSection(ProjectConfigurationPlatforms) = postSolution
		{8EC445E1-FF44-4F40-8143-4F506E0CEA02}.Debug|Any CPU.ActiveCfg = Debug|Any CPU
		{8EC445E1-FF44-4F40-8143-4F506E0CEA02}.Debug|Any CPU.Build.0 = Debug|Any CPU
		{8EC445E1-FF44-4F40-8143-4F506E0CEA02}.Release|Any CPU.ActiveCfg = Release|Any CPU
		{8EC445E1-FF44-4F40-8143-4F506E0CEA02}.Release|Any CPU.Build.0 = Release|Any CPU
		{EDC6973F-9E5F-46B6-A386-744A398BF70E}.Debug|Any CPU.ActiveCfg = Debug|Any CPU
		{EDC6973F-9E5F-46B6-A386-744A398BF70E}.Debug|Any CPU.Build.0 = Debug|Any CPU
		{EDC6973F-9E5F-46B6-A386-744A398BF70E}.Release|Any CPU.ActiveCfg = Release|Any CPU
		{EDC6973F-9E5F-46B6-A386-744A398BF70E}.Release|Any CPU.Build.0 = Release|Any CPU
		{9258D8E0-FCDE-408C-A178-9026AB9AB0D8}.Debug|Any CPU.ActiveCfg = Debug|Any CPU
		{9258D8E0-FCDE-408C-A178-9026AB9AB0D8}.Debug|Any CPU.Build.0 = Debug|Any CPU
		{9258D8E0-FCDE-408C-A178-9026AB9AB0D8}.Release|Any CPU.ActiveCfg = Release|Any CPU
		{9258D8E0-FCDE-408C-A178-9026AB9AB0D8}.Release|Any CPU.Build.0 = Release|Any CPU
		{8F170AA4-59A9-4F5B-A1AA-5BD22B9161BC}.Debug|Any CPU.ActiveCfg = Debug|Any CPU
		{8F170AA4-59A9-4F5B-A1AA-5BD22B9161BC}.Debug|Any CPU.Build.0 = Debug|Any CPU
		{8F170AA4-59A9-4F5B-A1AA-5BD22B9161BC}.Release|Any CPU.ActiveCfg = Release|Any CPU
		{8F170AA4-59A9-4F5B-A1AA-5BD22B9161BC}.Release|Any CPU.Build.0 = Release|Any CPU
		{D9C59C3A-74C5-43E3-ADF3-2EA0AB884965}.Debug|Any CPU.ActiveCfg = Debug|Any CPU
		{D9C59C3A-74C5-43E3-ADF3-2EA0AB884965}.Debug|Any CPU.Build.0 = Debug|Any CPU
		{D9C59C3A-74C5-43E3-ADF3-2EA0AB884965}.Release|Any CPU.ActiveCfg = Release|Any CPU
		{D9C59C3A-74C5-43E3-ADF3-2EA0AB884965}.Release|Any CPU.Build.0 = Release|Any CPU
		{78D243D1-DCB6-49AE-96FE-7191D0CB7232}.Debug|Any CPU.ActiveCfg = Debug|Any CPU
		{78D243D1-DCB6-49AE-96FE-7191D0CB7232}.Debug|Any CPU.Build.0 = Debug|Any CPU
		{78D243D1-DCB6-49AE-96FE-7191D0CB7232}.Release|Any CPU.ActiveCfg = Release|Any CPU
		{78D243D1-DCB6-49AE-96FE-7191D0CB7232}.Release|Any CPU.Build.0 = Release|Any CPU
	EndGlobalSection
	GlobalSection(SolutionProperties) = preSolution
		HideSolutionNode = FALSE
	EndGlobalSection
EndGlobal
