
Microsoft Visual Studio Solution File, Format Version 12.00
# Visual Studio 14
VisualStudioVersion = 14.0.25420.1
MinimumVisualStudioVersion = 10.0.40219.1
Project("{FAE04EC0-301F-11D3-BF4B-00C04F79EFBC}") = "01. Unique Usernames", "01. Unique Usernames\01. Unique Usernames.csproj", "{2ABC0F6C-1FDF-4536-8C20-F54D67FED6C3}"
EndProject
Project("{FAE04EC0-301F-11D3-BF4B-00C04F79EFBC}") = "02. Sets of Elements", "02. Sets of Elements\02. Sets of Elements.csproj", "{F4F83470-C351-40C2-9F9B-46C7408C2FDE}"
EndProject
Project("{FAE04EC0-301F-11D3-BF4B-00C04F79EFBC}") = "03. Periodic Table", "03. Periodic Table\03. Periodic Table.csproj", "{BCCF8D1A-EA24-4320-8463-033545857774}"
EndProject
Project("{FAE04EC0-301F-11D3-BF4B-00C04F79EFBC}") = "04. Count Symbols", "0 4. Count Symbols\04. Count Symbols.csproj", "{421CB86A-06BF-4CF6-9544-BFF9F1FCC162}"
EndProject
Project("{FAE04EC0-301F-11D3-BF4B-00C04F79EFBC}") = "05. Phonebook", "05. Phonebook\05. Phonebook.csproj", "{4BBDA0F3-7ACA-4DEE-931B-6A6F1E55BDFA}"
EndProject
Project("{FAE04EC0-301F-11D3-BF4B-00C04F79EFBC}") = "06. A miner task", "06. A miner task\06. A miner task.csproj", "{6E9F3F28-19ED-404D-A08B-8D4FCB3F7B1A}"
EndProject
Project("{FAE04EC0-301F-11D3-BF4B-00C04F79EFBC}") = "07. Fix emails", "07. Fix emails\07. Fix emails.csproj", "{5794369B-82D2-41AF-81CD-2D564F004234}"
EndProject
Project("{FAE04EC0-301F-11D3-BF4B-00C04F79EFBC}") = "08. Hands of cards", "08. Hands of cards\08. Hands of cards.csproj", "{53A9F2DE-EC21-4944-82C8-6F049D29B1CB}"
EndProject
Project("{FAE04EC0-301F-11D3-BF4B-00C04F79EFBC}") = "09. User Logs", "09. User Logs\09. User Logs.csproj", "{43966FAB-411A-400D-85AC-15E32B3A8E99}"
EndProject
Project("{FAE04EC0-301F-11D3-BF4B-00C04F79EFBC}") = "10. Population Counter", "10. Population Counter\10. Population Counter.csproj", "{84D124EA-6DB5-4A42-8087-4F5BDFBC85EF}"
EndProject
Project("{FAE04EC0-301F-11D3-BF4B-00C04F79EFBC}") = "12. Legendary Farming", "12. Legendary Farming\12. Legendary Farming.csproj", "{05546F36-421F-4A57-AD64-8C8BBBC94390}"
EndProject
Project("{FAE04EC0-301F-11D3-BF4B-00C04F79EFBC}") = "11. Logs Aggregator", "11. Logs Aggregator\11. Logs Aggregator.csproj", "{3522A573-F212-4C68-868D-43EE45362FE7}"
EndProject
Project("{FAE04EC0-301F-11D3-BF4B-00C04F79EFBC}") = "14. Dragon Army", "14. Dragon Army\14. Dragon Army.csproj", "{9999A9D3-5B9F-4917-8FDF-1187E98D55EB}"
EndProject
Project("{FAE04EC0-301F-11D3-BF4B-00C04F79EFBC}") = "13.  Сръбско Unleashed", "13.  Сръбско Unleashed\13.  Сръбско Unleashed.csproj", "{C8E2E3B6-0AD4-419B-A40E-CF9D89E14669}"
EndProject
Global
	GlobalSection(SolutionConfigurationPlatforms) = preSolution
		Debug|Any CPU = Debug|Any CPU
		Release|Any CPU = Release|Any CPU
	EndGlobalSection
	GlobalSection(ProjectConfigurationPlatforms) = postSolution
		{2ABC0F6C-1FDF-4536-8C20-F54D67FED6C3}.Debug|Any CPU.ActiveCfg = Debug|Any CPU
		{2ABC0F6C-1FDF-4536-8C20-F54D67FED6C3}.Debug|Any CPU.Build.0 = Debug|Any CPU
		{2ABC0F6C-1FDF-4536-8C20-F54D67FED6C3}.Release|Any CPU.ActiveCfg = Release|Any CPU
		{2ABC0F6C-1FDF-4536-8C20-F54D67FED6C3}.Release|Any CPU.Build.0 = Release|Any CPU
		{F4F83470-C351-40C2-9F9B-46C7408C2FDE}.Debug|Any CPU.ActiveCfg = Debug|Any CPU
		{F4F83470-C351-40C2-9F9B-46C7408C2FDE}.Debug|Any CPU.Build.0 = Debug|Any CPU
		{F4F83470-C351-40C2-9F9B-46C7408C2FDE}.Release|Any CPU.ActiveCfg = Release|Any CPU
		{F4F83470-C351-40C2-9F9B-46C7408C2FDE}.Release|Any CPU.Build.0 = Release|Any CPU
		{BCCF8D1A-EA24-4320-8463-033545857774}.Debug|Any CPU.ActiveCfg = Debug|Any CPU
		{BCCF8D1A-EA24-4320-8463-033545857774}.Debug|Any CPU.Build.0 = Debug|Any CPU
		{BCCF8D1A-EA24-4320-8463-033545857774}.Release|Any CPU.ActiveCfg = Release|Any CPU
		{BCCF8D1A-EA24-4320-8463-033545857774}.Release|Any CPU.Build.0 = Release|Any CPU
		{421CB86A-06BF-4CF6-9544-BFF9F1FCC162}.Debug|Any CPU.ActiveCfg = Debug|Any CPU
		{421CB86A-06BF-4CF6-9544-BFF9F1FCC162}.Debug|Any CPU.Build.0 = Debug|Any CPU
		{421CB86A-06BF-4CF6-9544-BFF9F1FCC162}.Release|Any CPU.ActiveCfg = Release|Any CPU
		{421CB86A-06BF-4CF6-9544-BFF9F1FCC162}.Release|Any CPU.Build.0 = Release|Any CPU
		{4BBDA0F3-7ACA-4DEE-931B-6A6F1E55BDFA}.Debug|Any CPU.ActiveCfg = Debug|Any CPU
		{4BBDA0F3-7ACA-4DEE-931B-6A6F1E55BDFA}.Debug|Any CPU.Build.0 = Debug|Any CPU
		{4BBDA0F3-7ACA-4DEE-931B-6A6F1E55BDFA}.Release|Any CPU.ActiveCfg = Release|Any CPU
		{4BBDA0F3-7ACA-4DEE-931B-6A6F1E55BDFA}.Release|Any CPU.Build.0 = Release|Any CPU
		{6E9F3F28-19ED-404D-A08B-8D4FCB3F7B1A}.Debug|Any CPU.ActiveCfg = Debug|Any CPU
		{6E9F3F28-19ED-404D-A08B-8D4FCB3F7B1A}.Debug|Any CPU.Build.0 = Debug|Any CPU
		{6E9F3F28-19ED-404D-A08B-8D4FCB3F7B1A}.Release|Any CPU.ActiveCfg = Release|Any CPU
		{6E9F3F28-19ED-404D-A08B-8D4FCB3F7B1A}.Release|Any CPU.Build.0 = Release|Any CPU
		{5794369B-82D2-41AF-81CD-2D564F004234}.Debug|Any CPU.ActiveCfg = Debug|Any CPU
		{5794369B-82D2-41AF-81CD-2D564F004234}.Debug|Any CPU.Build.0 = Debug|Any CPU
		{5794369B-82D2-41AF-81CD-2D564F004234}.Release|Any CPU.ActiveCfg = Release|Any CPU
		{5794369B-82D2-41AF-81CD-2D564F004234}.Release|Any CPU.Build.0 = Release|Any CPU
		{53A9F2DE-EC21-4944-82C8-6F049D29B1CB}.Debug|Any CPU.ActiveCfg = Debug|Any CPU
		{53A9F2DE-EC21-4944-82C8-6F049D29B1CB}.Debug|Any CPU.Build.0 = Debug|Any CPU
		{53A9F2DE-EC21-4944-82C8-6F049D29B1CB}.Release|Any CPU.ActiveCfg = Release|Any CPU
		{53A9F2DE-EC21-4944-82C8-6F049D29B1CB}.Release|Any CPU.Build.0 = Release|Any CPU
		{43966FAB-411A-400D-85AC-15E32B3A8E99}.Debug|Any CPU.ActiveCfg = Debug|Any CPU
		{43966FAB-411A-400D-85AC-15E32B3A8E99}.Debug|Any CPU.Build.0 = Debug|Any CPU
		{43966FAB-411A-400D-85AC-15E32B3A8E99}.Release|Any CPU.ActiveCfg = Release|Any CPU
		{43966FAB-411A-400D-85AC-15E32B3A8E99}.Release|Any CPU.Build.0 = Release|Any CPU
		{84D124EA-6DB5-4A42-8087-4F5BDFBC85EF}.Debug|Any CPU.ActiveCfg = Debug|Any CPU
		{84D124EA-6DB5-4A42-8087-4F5BDFBC85EF}.Debug|Any CPU.Build.0 = Debug|Any CPU
		{84D124EA-6DB5-4A42-8087-4F5BDFBC85EF}.Release|Any CPU.ActiveCfg = Release|Any CPU
		{84D124EA-6DB5-4A42-8087-4F5BDFBC85EF}.Release|Any CPU.Build.0 = Release|Any CPU
		{05546F36-421F-4A57-AD64-8C8BBBC94390}.Debug|Any CPU.ActiveCfg = Debug|Any CPU
		{05546F36-421F-4A57-AD64-8C8BBBC94390}.Debug|Any CPU.Build.0 = Debug|Any CPU
		{05546F36-421F-4A57-AD64-8C8BBBC94390}.Release|Any CPU.ActiveCfg = Release|Any CPU
		{05546F36-421F-4A57-AD64-8C8BBBC94390}.Release|Any CPU.Build.0 = Release|Any CPU
		{3522A573-F212-4C68-868D-43EE45362FE7}.Debug|Any CPU.ActiveCfg = Debug|Any CPU
		{3522A573-F212-4C68-868D-43EE45362FE7}.Debug|Any CPU.Build.0 = Debug|Any CPU
		{3522A573-F212-4C68-868D-43EE45362FE7}.Release|Any CPU.ActiveCfg = Release|Any CPU
		{3522A573-F212-4C68-868D-43EE45362FE7}.Release|Any CPU.Build.0 = Release|Any CPU
		{9999A9D3-5B9F-4917-8FDF-1187E98D55EB}.Debug|Any CPU.ActiveCfg = Debug|Any CPU
		{9999A9D3-5B9F-4917-8FDF-1187E98D55EB}.Debug|Any CPU.Build.0 = Debug|Any CPU
		{9999A9D3-5B9F-4917-8FDF-1187E98D55EB}.Release|Any CPU.ActiveCfg = Release|Any CPU
		{9999A9D3-5B9F-4917-8FDF-1187E98D55EB}.Release|Any CPU.Build.0 = Release|Any CPU
		{C8E2E3B6-0AD4-419B-A40E-CF9D89E14669}.Debug|Any CPU.ActiveCfg = Debug|Any CPU
		{C8E2E3B6-0AD4-419B-A40E-CF9D89E14669}.Debug|Any CPU.Build.0 = Debug|Any CPU
		{C8E2E3B6-0AD4-419B-A40E-CF9D89E14669}.Release|Any CPU.ActiveCfg = Release|Any CPU
		{C8E2E3B6-0AD4-419B-A40E-CF9D89E14669}.Release|Any CPU.Build.0 = Release|Any CPU
	EndGlobalSection
	GlobalSection(SolutionProperties) = preSolution
		HideSolutionNode = FALSE
	EndGlobalSection
EndGlobal
