
Microsoft Visual Studio Solution File, Format Version 12.00
# Visual Studio 14
VisualStudioVersion = 14.0.25420.1
MinimumVisualStudioVersion = 10.0.40219.1
Project("{FAE04EC0-301F-11D3-BF4B-00C04F79EFBC}") = "11. Convert Speed Units", "11. Convert Speed Units\11. Convert Speed Units.csproj", "{D318A474-2D2B-4DE9-B021-29E285B6875D}"
EndProject
Project("{FAE04EC0-301F-11D3-BF4B-00C04F79EFBC}") = "12. Rectangle Properties", "12. Rectangle Properties\12. Rectangle Properties.csproj", "{3C7E3486-5FB8-473B-A6F7-A874524441BE}"
EndProject
Project("{FAE04EC0-301F-11D3-BF4B-00C04F79EFBC}") = "13. Vowel or Digit", "13. Vowel or Digit\13. Vowel or Digit.csproj", "{20D7716C-A440-48EA-A97E-0C592F12BD57}"
EndProject
Project("{FAE04EC0-301F-11D3-BF4B-00C04F79EFBC}") = "14. Integer to Hex and Binary", "14. Integer to Hex and Binary\14. Integer to Hex and Binary.csproj", "{70D36EDE-D9B3-4033-BA00-2CDFC1104503}"
EndProject
Project("{FAE04EC0-301F-11D3-BF4B-00C04F79EFBC}") = "15. Fast Prime Checker - Refactor", "15. Fast Prime Checker - Refactor\15. Fast Prime Checker - Refactor.csproj", "{2402F2AF-BBC8-4F52-9A80-27F1DE91FF62}"
EndProject
Project("{FAE04EC0-301F-11D3-BF4B-00C04F79EFBC}") = "16. Comparing Floats", "16. Comparing Floats\16. Comparing Floats.csproj", "{53CD5912-7AE1-4C7C-8E93-1E715F77CDAE}"
EndProject
Project("{FAE04EC0-301F-11D3-BF4B-00C04F79EFBC}") = "17. Print Part of the ASCII Table", "17. Print Part of the ASCII Table\17. Print Part of the ASCII Table.csproj", "{FDBF1710-262B-4273-B927-FE6A864753E3}"
EndProject
Project("{FAE04EC0-301F-11D3-BF4B-00C04F79EFBC}") = "18. Different Integers Size", "18. Different Integers Size\18. Different Integers Size.csproj", "{9025C467-C05D-416F-868F-6D296EAE778D}"
EndProject
Global
	GlobalSection(SolutionConfigurationPlatforms) = preSolution
		Debug|Any CPU = Debug|Any CPU
		Release|Any CPU = Release|Any CPU
	EndGlobalSection
	GlobalSection(ProjectConfigurationPlatforms) = postSolution
		{D318A474-2D2B-4DE9-B021-29E285B6875D}.Debug|Any CPU.ActiveCfg = Debug|Any CPU
		{D318A474-2D2B-4DE9-B021-29E285B6875D}.Debug|Any CPU.Build.0 = Debug|Any CPU
		{D318A474-2D2B-4DE9-B021-29E285B6875D}.Release|Any CPU.ActiveCfg = Release|Any CPU
		{D318A474-2D2B-4DE9-B021-29E285B6875D}.Release|Any CPU.Build.0 = Release|Any CPU
		{3C7E3486-5FB8-473B-A6F7-A874524441BE}.Debug|Any CPU.ActiveCfg = Debug|Any CPU
		{3C7E3486-5FB8-473B-A6F7-A874524441BE}.Debug|Any CPU.Build.0 = Debug|Any CPU
		{3C7E3486-5FB8-473B-A6F7-A874524441BE}.Release|Any CPU.ActiveCfg = Release|Any CPU
		{3C7E3486-5FB8-473B-A6F7-A874524441BE}.Release|Any CPU.Build.0 = Release|Any CPU
		{20D7716C-A440-48EA-A97E-0C592F12BD57}.Debug|Any CPU.ActiveCfg = Debug|Any CPU
		{20D7716C-A440-48EA-A97E-0C592F12BD57}.Debug|Any CPU.Build.0 = Debug|Any CPU
		{20D7716C-A440-48EA-A97E-0C592F12BD57}.Release|Any CPU.ActiveCfg = Release|Any CPU
		{20D7716C-A440-48EA-A97E-0C592F12BD57}.Release|Any CPU.Build.0 = Release|Any CPU
		{70D36EDE-D9B3-4033-BA00-2CDFC1104503}.Debug|Any CPU.ActiveCfg = Debug|Any CPU
		{70D36EDE-D9B3-4033-BA00-2CDFC1104503}.Debug|Any CPU.Build.0 = Debug|Any CPU
		{70D36EDE-D9B3-4033-BA00-2CDFC1104503}.Release|Any CPU.ActiveCfg = Release|Any CPU
		{70D36EDE-D9B3-4033-BA00-2CDFC1104503}.Release|Any CPU.Build.0 = Release|Any CPU
		{2402F2AF-BBC8-4F52-9A80-27F1DE91FF62}.Debug|Any CPU.ActiveCfg = Debug|Any CPU
		{2402F2AF-BBC8-4F52-9A80-27F1DE91FF62}.Debug|Any CPU.Build.0 = Debug|Any CPU
		{2402F2AF-BBC8-4F52-9A80-27F1DE91FF62}.Release|Any CPU.ActiveCfg = Release|Any CPU
		{2402F2AF-BBC8-4F52-9A80-27F1DE91FF62}.Release|Any CPU.Build.0 = Release|Any CPU
		{53CD5912-7AE1-4C7C-8E93-1E715F77CDAE}.Debug|Any CPU.ActiveCfg = Debug|Any CPU
		{53CD5912-7AE1-4C7C-8E93-1E715F77CDAE}.Debug|Any CPU.Build.0 = Debug|Any CPU
		{53CD5912-7AE1-4C7C-8E93-1E715F77CDAE}.Release|Any CPU.ActiveCfg = Release|Any CPU
		{53CD5912-7AE1-4C7C-8E93-1E715F77CDAE}.Release|Any CPU.Build.0 = Release|Any CPU
		{FDBF1710-262B-4273-B927-FE6A864753E3}.Debug|Any CPU.ActiveCfg = Debug|Any CPU
		{FDBF1710-262B-4273-B927-FE6A864753E3}.Debug|Any CPU.Build.0 = Debug|Any CPU
		{FDBF1710-262B-4273-B927-FE6A864753E3}.Release|Any CPU.ActiveCfg = Release|Any CPU
		{FDBF1710-262B-4273-B927-FE6A864753E3}.Release|Any CPU.Build.0 = Release|Any CPU
		{9025C467-C05D-416F-868F-6D296EAE778D}.Debug|Any CPU.ActiveCfg = Debug|Any CPU
		{9025C467-C05D-416F-868F-6D296EAE778D}.Debug|Any CPU.Build.0 = Debug|Any CPU
		{9025C467-C05D-416F-868F-6D296EAE778D}.Release|Any CPU.ActiveCfg = Release|Any CPU
		{9025C467-C05D-416F-868F-6D296EAE778D}.Release|Any CPU.Build.0 = Release|Any CPU
	EndGlobalSection
	GlobalSection(SolutionProperties) = preSolution
		HideSolutionNode = FALSE
	EndGlobalSection
EndGlobal
